
Microsoft Visual Studio Solution File, Format Version 12.00
# Visual Studio Version 17
VisualStudioVersion = 17.1.32319.34
MinimumVisualStudioVersion = 10.0.40219.1
Project("{9A19103F-16F7-4668-BE54-9A1E7A4F7556}") = "SolidHomework", "Homework\SolidHomework.csproj", "{AF904B71-9317-43C5-9E08-D99AA3A2BF1C}"
EndProject
Project("{9A19103F-16F7-4668-BE54-9A1E7A4F7556}") = "FacadePattern", "FacadePattern\FacadePattern.csproj", "{C309B1E3-0F32-45BE-9740-679AFD15DFF3}"
EndProject
Project("{FAE04EC0-301F-11D3-BF4B-00C04F79EFBC}") = "BridgePattern", "BridgePattern\BridgePattern.csproj", "{B1B1A5AB-9D95-41EB-B66A-5C4927295505}"
EndProject
Global
	GlobalSection(SolutionConfigurationPlatforms) = preSolution
		Debug|Any CPU = Debug|Any CPU
		Release|Any CPU = Release|Any CPU
	EndGlobalSection
	GlobalSection(ProjectConfigurationPlatforms) = postSolution
		{AF904B71-9317-43C5-9E08-D99AA3A2BF1C}.Debug|Any CPU.ActiveCfg = Debug|Any CPU
		{AF904B71-9317-43C5-9E08-D99AA3A2BF1C}.Debug|Any CPU.Build.0 = Debug|Any CPU
		{AF904B71-9317-43C5-9E08-D99AA3A2BF1C}.Release|Any CPU.ActiveCfg = Release|Any CPU
		{AF904B71-9317-43C5-9E08-D99AA3A2BF1C}.Release|Any CPU.Build.0 = Release|Any CPU
		{C309B1E3-0F32-45BE-9740-679AFD15DFF3}.Debug|Any CPU.ActiveCfg = Debug|Any CPU
		{C309B1E3-0F32-45BE-9740-679AFD15DFF3}.Debug|Any CPU.Build.0 = Debug|Any CPU
		{C309B1E3-0F32-45BE-9740-679AFD15DFF3}.Release|Any CPU.ActiveCfg = Release|Any CPU
		{C309B1E3-0F32-45BE-9740-679AFD15DFF3}.Release|Any CPU.Build.0 = Release|Any CPU
		{B1B1A5AB-9D95-41EB-B66A-5C4927295505}.Debug|Any CPU.ActiveCfg = Debug|Any CPU
		{B1B1A5AB-9D95-41EB-B66A-5C4927295505}.Debug|Any CPU.Build.0 = Debug|Any CPU
		{B1B1A5AB-9D95-41EB-B66A-5C4927295505}.Release|Any CPU.ActiveCfg = Release|Any CPU
		{B1B1A5AB-9D95-41EB-B66A-5C4927295505}.Release|Any CPU.Build.0 = Release|Any CPU
	EndGlobalSection
	GlobalSection(SolutionProperties) = preSolution
		HideSolutionNode = FALSE
	EndGlobalSection
	GlobalSection(ExtensibilityGlobals) = postSolution
		SolutionGuid = {73D5517C-A3DA-4B8F-B576-0362AC1ED381}
	EndGlobalSection
EndGlobal
